
Microsoft Visual Studio Solution File, Format Version 12.00
# Visual Studio Version 17
VisualStudioVersion = 17.11.35312.102
MinimumVisualStudioVersion = 10.0.40219.1
Project("{9A19103F-16F7-4668-BE54-9A1E7A4F7556}") = "ScanOutTool", "ScanOutTool\ScanOutTool.csproj", "{AE086DC6-8746-4CF7-B9EB-056FEE8186C8}"
EndProject
Project("{9A19103F-16F7-4668-BE54-9A1E7A4F7556}") = "AutoUpdate", "..\..\Project .NET Framework\Library\AutoUpdate\AutoUpdate\AutoUpdate.csproj", "{85359739-16C1-4F47-A309-9A3DFFF2EF4B}"
EndProject
Project("{9A19103F-16F7-4668-BE54-9A1E7A4F7556}") = "UIAutoLib", "..\Library\UIAutoLib\UIAutoLib\UIAutoLib.csproj", "{4B6E552F-115B-4012-A726-695F7F65373C}"
EndProject
Project("{9A19103F-16F7-4668-BE54-9A1E7A4F7556}") = "MitsubishiAsciiPlcLib", "..\Library\MitsubishiAsciiPlcClient\MitsubishiAsciiPlcClient\MitsubishiAsciiPlcLib.csproj", "{8F9422D8-2462-4C7A-87C2-C45905738CD7}"
EndProject
Project("{9A19103F-16F7-4668-BE54-9A1E7A4F7556}") = "SerialPortProxy", "..\Library\SerialPortProxy\SerialPortProxy\SerialPortProxy.csproj", "{BC9E661E-2412-424E-9D19-EE678CAE5B62}"
EndProject
Project("{9A19103F-16F7-4668-BE54-9A1E7A4F7556}") = "DataExcuter", "..\ScanOutRev\DataExcuter\DataExcuter.csproj", "{258C7D38-336F-4120-99BF-0BB11A5DBD5F}"
EndProject
Global
	GlobalSection(SolutionConfigurationPlatforms) = preSolution
		Debug|Any CPU = Debug|Any CPU
		Release|Any CPU = Release|Any CPU
	EndGlobalSection
	GlobalSection(ProjectConfigurationPlatforms) = postSolution
		{AE086DC6-8746-4CF7-B9EB-056FEE8186C8}.Debug|Any CPU.ActiveCfg = Debug|Any CPU
		{AE086DC6-8746-4CF7-B9EB-056FEE8186C8}.Debug|Any CPU.Build.0 = Debug|Any CPU
		{AE086DC6-8746-4CF7-B9EB-056FEE8186C8}.Release|Any CPU.ActiveCfg = Release|Any CPU
		{AE086DC6-8746-4CF7-B9EB-056FEE8186C8}.Release|Any CPU.Build.0 = Release|Any CPU
		{85359739-16C1-4F47-A309-9A3DFFF2EF4B}.Debug|Any CPU.ActiveCfg = Debug|Any CPU
		{85359739-16C1-4F47-A309-9A3DFFF2EF4B}.Debug|Any CPU.Build.0 = Debug|Any CPU
		{85359739-16C1-4F47-A309-9A3DFFF2EF4B}.Release|Any CPU.ActiveCfg = Release|Any CPU
		{85359739-16C1-4F47-A309-9A3DFFF2EF4B}.Release|Any CPU.Build.0 = Release|Any CPU
		{4B6E552F-115B-4012-A726-695F7F65373C}.Debug|Any CPU.ActiveCfg = Debug|Any CPU
		{4B6E552F-115B-4012-A726-695F7F65373C}.Debug|Any CPU.Build.0 = Debug|Any CPU
		{4B6E552F-115B-4012-A726-695F7F65373C}.Release|Any CPU.ActiveCfg = Release|Any CPU
		{4B6E552F-115B-4012-A726-695F7F65373C}.Release|Any CPU.Build.0 = Release|Any CPU
		{8F9422D8-2462-4C7A-87C2-C45905738CD7}.Debug|Any CPU.ActiveCfg = Debug|Any CPU
		{8F9422D8-2462-4C7A-87C2-C45905738CD7}.Debug|Any CPU.Build.0 = Debug|Any CPU
		{8F9422D8-2462-4C7A-87C2-C45905738CD7}.Release|Any CPU.ActiveCfg = Release|Any CPU
		{8F9422D8-2462-4C7A-87C2-C45905738CD7}.Release|Any CPU.Build.0 = Release|Any CPU
		{BC9E661E-2412-424E-9D19-EE678CAE5B62}.Debug|Any CPU.ActiveCfg = Debug|Any CPU
		{BC9E661E-2412-424E-9D19-EE678CAE5B62}.Debug|Any CPU.Build.0 = Debug|Any CPU
		{BC9E661E-2412-424E-9D19-EE678CAE5B62}.Release|Any CPU.ActiveCfg = Release|Any CPU
		{BC9E661E-2412-424E-9D19-EE678CAE5B62}.Release|Any CPU.Build.0 = Release|Any CPU
		{258C7D38-336F-4120-99BF-0BB11A5DBD5F}.Debug|Any CPU.ActiveCfg = Debug|Any CPU
		{258C7D38-336F-4120-99BF-0BB11A5DBD5F}.Debug|Any CPU.Build.0 = Debug|Any CPU
		{258C7D38-336F-4120-99BF-0BB11A5DBD5F}.Release|Any CPU.ActiveCfg = Release|Any CPU
		{258C7D38-336F-4120-99BF-0BB11A5DBD5F}.Release|Any CPU.Build.0 = Release|Any CPU
	EndGlobalSection
	GlobalSection(SolutionProperties) = preSolution
		HideSolutionNode = FALSE
	EndGlobalSection
	GlobalSection(ExtensibilityGlobals) = postSolution
		SolutionGuid = {AFC5EFAD-97B0-42BF-AEEB-90F4BAE49B5D}
	EndGlobalSection
EndGlobal
